
Microsoft Visual Studio Solution File, Format Version 12.00
# Visual Studio Version 16
VisualStudioVersion = 16.0.31515.178
MinimumVisualStudioVersion = 10.0.40219.1
Project("{FAE04EC0-301F-11D3-BF4B-00C04F79EFBC}") = "PasswordChecker", "PasswordChecker\PasswordChecker.csproj", "{794C978E-F05D-4F81-A5D4-41C578A2F710}"
EndProject
Project("{FAE04EC0-301F-11D3-BF4B-00C04F79EFBC}") = "CalculatorWithInterface", "CalculatorWithInterface\CalculatorWithInterface.csproj", "{929DD681-6428-4179-B533-7EF558A025BC}"
EndProject
Global
	GlobalSection(SolutionConfigurationPlatforms) = preSolution
		Debug|Any CPU = Debug|Any CPU
		Release|Any CPU = Release|Any CPU
	EndGlobalSection
	GlobalSection(ProjectConfigurationPlatforms) = postSolution
		{794C978E-F05D-4F81-A5D4-41C578A2F710}.Debug|Any CPU.ActiveCfg = Debug|Any CPU
		{794C978E-F05D-4F81-A5D4-41C578A2F710}.Debug|Any CPU.Build.0 = Debug|Any CPU
		{794C978E-F05D-4F81-A5D4-41C578A2F710}.Release|Any CPU.ActiveCfg = Release|Any CPU
		{794C978E-F05D-4F81-A5D4-41C578A2F710}.Release|Any CPU.Build.0 = Release|Any CPU
		{929DD681-6428-4179-B533-7EF558A025BC}.Debug|Any CPU.ActiveCfg = Debug|Any CPU
		{929DD681-6428-4179-B533-7EF558A025BC}.Debug|Any CPU.Build.0 = Debug|Any CPU
		{929DD681-6428-4179-B533-7EF558A025BC}.Release|Any CPU.ActiveCfg = Release|Any CPU
		{929DD681-6428-4179-B533-7EF558A025BC}.Release|Any CPU.Build.0 = Release|Any CPU
	EndGlobalSection
	GlobalSection(SolutionProperties) = preSolution
		HideSolutionNode = FALSE
	EndGlobalSection
	GlobalSection(ExtensibilityGlobals) = postSolution
		SolutionGuid = {07ABE675-F806-498B-A293-E19CC0D5816D}
	EndGlobalSection
EndGlobal
